
Microsoft Visual Studio Solution File, Format Version 12.00
# Visual Studio Version 17
VisualStudioVersion = 17.5.33627.172
MinimumVisualStudioVersion = 10.0.40219.1
Project("{2150E333-8FDC-42A3-9474-1A3956D46DE8}") = "src", "src", "{1B11978E-2C48-4A44-AE8D-E69A2AD87476}"
EndProject
Project("{2150E333-8FDC-42A3-9474-1A3956D46DE8}") = "tests", "tests", "{2BEBF4E4-BC15-417F-A317-07DB6DBE9B80}"
EndProject
Project("{9A19103F-16F7-4668-BE54-9A1E7A4F7556}") = "TFA.Domain", "TFA.Domain\TFA.Domain.csproj", "{870F6283-391C-4C7A-9790-06C828DB01B3}"
EndProject
Project("{9A19103F-16F7-4668-BE54-9A1E7A4F7556}") = "TFA.Application", "TFA.Application\TFA.Application.csproj", "{D33129E9-5178-4038-831B-C41F4B48295B}"
EndProject
Project("{9A19103F-16F7-4668-BE54-9A1E7A4F7556}") = "TFA.Api", "TFA.Api\TFA.Api.csproj", "{26ED55E4-CB89-40F2-98BC-39B7BF240162}"
EndProject
Project("{2150E333-8FDC-42A3-9474-1A3956D46DE8}") = "app", "app", "{FEE7BD3F-6DD6-4F45-8944-3F45180BB827}"
EndProject
Project("{9A19103F-16F7-4668-BE54-9A1E7A4F7556}") = "TFA.Presentation", "TFA.Presentation\TFA.Presentation.csproj", "{61CC9AE8-F6C6-4930-9425-5F54403C9AF7}"
EndProject
Project("{9A19103F-16F7-4668-BE54-9A1E7A4F7556}") = "TFA.Infrastructure", "TFA.Infrastructure\TFA.Infrastructure.csproj", "{89AB2F0D-3671-4A82-8A3E-967E3E444EB7}"
EndProject
Project("{9A19103F-16F7-4668-BE54-9A1E7A4F7556}") = "TFA.ArchitectureTests", "TFA.ArchitectureTests\TFA.ArchitectureTests.csproj", "{12B1B22A-B347-44AE-B182-A2C4C370BA6C}"
EndProject
Project("{9A19103F-16F7-4668-BE54-9A1E7A4F7556}") = "TFA.UnitTests", "TFA.UnitTests\TFA.UnitTests.csproj", "{95D85513-384D-41AB-8ABB-A9D93388C02C}"
EndProject
Project("{9A19103F-16F7-4668-BE54-9A1E7A4F7556}") = "TFA.Utils", "TFA.Utils\TFA.Utils.csproj", "{BB3C0C4F-E019-450F-98D1-1C4B7DE6736A}"
EndProject
Project("{9A19103F-16F7-4668-BE54-9A1E7A4F7556}") = "TFA.Scheduler", "TFA.Scheduler\TFA.Scheduler.csproj", "{F2F19B79-BA77-4090-8B5F-FA838D0078C9}"
EndProject
Project("{9A19103F-16F7-4668-BE54-9A1E7A4F7556}") = "TFA.Scraper", "TFA.Scraper\TFA.Scraper.csproj", "{5749C19D-D628-425C-81EB-C73C6DCF0EA5}"
EndProject
Project("{2150E333-8FDC-42A3-9474-1A3956D46DE8}") = "libs", "libs", "{71BF6354-D660-475C-A5D6-BD7522BCFC5E}"
EndProject
Project("{9A19103F-16F7-4668-BE54-9A1E7A4F7556}") = "TFA.Twitter", "TFA.Twitter\TFA.Twitter.csproj", "{022A8FE1-8744-450D-9091-635EE04014E7}"
EndProject
Project("{9A19103F-16F7-4668-BE54-9A1E7A4F7556}") = "TFA.Discord", "TFA.Discord\TFA.Discord.csproj", "{4F1D927F-0558-45F2-853E-291BB37F9217}"
EndProject
Project("{FAE04EC0-301F-11D3-BF4B-00C04F79EFBC}") = "TFA.Client", "TFA.Client\TFA.Client.csproj", "{AA556783-1CCD-4AFE-9EC7-5E5C978DCEED}"
EndProject
Global
	GlobalSection(SolutionConfigurationPlatforms) = preSolution
		Debug|Any CPU = Debug|Any CPU
		Release|Any CPU = Release|Any CPU
	EndGlobalSection
	GlobalSection(ProjectConfigurationPlatforms) = postSolution
		{870F6283-391C-4C7A-9790-06C828DB01B3}.Debug|Any CPU.ActiveCfg = Debug|Any CPU
		{870F6283-391C-4C7A-9790-06C828DB01B3}.Debug|Any CPU.Build.0 = Debug|Any CPU
		{870F6283-391C-4C7A-9790-06C828DB01B3}.Release|Any CPU.ActiveCfg = Release|Any CPU
		{870F6283-391C-4C7A-9790-06C828DB01B3}.Release|Any CPU.Build.0 = Release|Any CPU
		{D33129E9-5178-4038-831B-C41F4B48295B}.Debug|Any CPU.ActiveCfg = Debug|Any CPU
		{D33129E9-5178-4038-831B-C41F4B48295B}.Debug|Any CPU.Build.0 = Debug|Any CPU
		{D33129E9-5178-4038-831B-C41F4B48295B}.Release|Any CPU.ActiveCfg = Release|Any CPU
		{D33129E9-5178-4038-831B-C41F4B48295B}.Release|Any CPU.Build.0 = Release|Any CPU
		{26ED55E4-CB89-40F2-98BC-39B7BF240162}.Debug|Any CPU.ActiveCfg = Debug|Any CPU
		{26ED55E4-CB89-40F2-98BC-39B7BF240162}.Debug|Any CPU.Build.0 = Debug|Any CPU
		{26ED55E4-CB89-40F2-98BC-39B7BF240162}.Release|Any CPU.ActiveCfg = Release|Any CPU
		{26ED55E4-CB89-40F2-98BC-39B7BF240162}.Release|Any CPU.Build.0 = Release|Any CPU
		{61CC9AE8-F6C6-4930-9425-5F54403C9AF7}.Debug|Any CPU.ActiveCfg = Debug|Any CPU
		{61CC9AE8-F6C6-4930-9425-5F54403C9AF7}.Debug|Any CPU.Build.0 = Debug|Any CPU
		{61CC9AE8-F6C6-4930-9425-5F54403C9AF7}.Release|Any CPU.ActiveCfg = Release|Any CPU
		{61CC9AE8-F6C6-4930-9425-5F54403C9AF7}.Release|Any CPU.Build.0 = Release|Any CPU
		{89AB2F0D-3671-4A82-8A3E-967E3E444EB7}.Debug|Any CPU.ActiveCfg = Debug|Any CPU
		{89AB2F0D-3671-4A82-8A3E-967E3E444EB7}.Debug|Any CPU.Build.0 = Debug|Any CPU
		{89AB2F0D-3671-4A82-8A3E-967E3E444EB7}.Release|Any CPU.ActiveCfg = Release|Any CPU
		{89AB2F0D-3671-4A82-8A3E-967E3E444EB7}.Release|Any CPU.Build.0 = Release|Any CPU
		{12B1B22A-B347-44AE-B182-A2C4C370BA6C}.Debug|Any CPU.ActiveCfg = Debug|Any CPU
		{12B1B22A-B347-44AE-B182-A2C4C370BA6C}.Debug|Any CPU.Build.0 = Debug|Any CPU
		{12B1B22A-B347-44AE-B182-A2C4C370BA6C}.Release|Any CPU.ActiveCfg = Release|Any CPU
		{12B1B22A-B347-44AE-B182-A2C4C370BA6C}.Release|Any CPU.Build.0 = Release|Any CPU
		{95D85513-384D-41AB-8ABB-A9D93388C02C}.Debug|Any CPU.ActiveCfg = Debug|Any CPU
		{95D85513-384D-41AB-8ABB-A9D93388C02C}.Debug|Any CPU.Build.0 = Debug|Any CPU
		{95D85513-384D-41AB-8ABB-A9D93388C02C}.Release|Any CPU.ActiveCfg = Release|Any CPU
		{95D85513-384D-41AB-8ABB-A9D93388C02C}.Release|Any CPU.Build.0 = Release|Any CPU
		{BB3C0C4F-E019-450F-98D1-1C4B7DE6736A}.Debug|Any CPU.ActiveCfg = Debug|Any CPU
		{BB3C0C4F-E019-450F-98D1-1C4B7DE6736A}.Debug|Any CPU.Build.0 = Debug|Any CPU
		{BB3C0C4F-E019-450F-98D1-1C4B7DE6736A}.Release|Any CPU.ActiveCfg = Release|Any CPU
		{BB3C0C4F-E019-450F-98D1-1C4B7DE6736A}.Release|Any CPU.Build.0 = Release|Any CPU
		{F2F19B79-BA77-4090-8B5F-FA838D0078C9}.Debug|Any CPU.ActiveCfg = Debug|Any CPU
		{F2F19B79-BA77-4090-8B5F-FA838D0078C9}.Debug|Any CPU.Build.0 = Debug|Any CPU
		{F2F19B79-BA77-4090-8B5F-FA838D0078C9}.Release|Any CPU.ActiveCfg = Release|Any CPU
		{F2F19B79-BA77-4090-8B5F-FA838D0078C9}.Release|Any CPU.Build.0 = Release|Any CPU
		{5749C19D-D628-425C-81EB-C73C6DCF0EA5}.Debug|Any CPU.ActiveCfg = Debug|Any CPU
		{5749C19D-D628-425C-81EB-C73C6DCF0EA5}.Debug|Any CPU.Build.0 = Debug|Any CPU
		{5749C19D-D628-425C-81EB-C73C6DCF0EA5}.Release|Any CPU.ActiveCfg = Release|Any CPU
		{5749C19D-D628-425C-81EB-C73C6DCF0EA5}.Release|Any CPU.Build.0 = Release|Any CPU
		{022A8FE1-8744-450D-9091-635EE04014E7}.Debug|Any CPU.ActiveCfg = Debug|Any CPU
		{022A8FE1-8744-450D-9091-635EE04014E7}.Debug|Any CPU.Build.0 = Debug|Any CPU
		{022A8FE1-8744-450D-9091-635EE04014E7}.Release|Any CPU.ActiveCfg = Release|Any CPU
		{022A8FE1-8744-450D-9091-635EE04014E7}.Release|Any CPU.Build.0 = Release|Any CPU
		{4F1D927F-0558-45F2-853E-291BB37F9217}.Debug|Any CPU.ActiveCfg = Debug|Any CPU
		{4F1D927F-0558-45F2-853E-291BB37F9217}.Debug|Any CPU.Build.0 = Debug|Any CPU
		{4F1D927F-0558-45F2-853E-291BB37F9217}.Release|Any CPU.ActiveCfg = Release|Any CPU
		{4F1D927F-0558-45F2-853E-291BB37F9217}.Release|Any CPU.Build.0 = Release|Any CPU
		{AA556783-1CCD-4AFE-9EC7-5E5C978DCEED}.Debug|Any CPU.ActiveCfg = Debug|Any CPU
		{AA556783-1CCD-4AFE-9EC7-5E5C978DCEED}.Debug|Any CPU.Build.0 = Debug|Any CPU
		{AA556783-1CCD-4AFE-9EC7-5E5C978DCEED}.Release|Any CPU.ActiveCfg = Release|Any CPU
		{AA556783-1CCD-4AFE-9EC7-5E5C978DCEED}.Release|Any CPU.Build.0 = Release|Any CPU
	EndGlobalSection
	GlobalSection(SolutionProperties) = preSolution
		HideSolutionNode = FALSE
	EndGlobalSection
	GlobalSection(NestedProjects) = preSolution
		{870F6283-391C-4C7A-9790-06C828DB01B3} = {1B11978E-2C48-4A44-AE8D-E69A2AD87476}
		{D33129E9-5178-4038-831B-C41F4B48295B} = {1B11978E-2C48-4A44-AE8D-E69A2AD87476}
		{26ED55E4-CB89-40F2-98BC-39B7BF240162} = {FEE7BD3F-6DD6-4F45-8944-3F45180BB827}
		{FEE7BD3F-6DD6-4F45-8944-3F45180BB827} = {1B11978E-2C48-4A44-AE8D-E69A2AD87476}
		{61CC9AE8-F6C6-4930-9425-5F54403C9AF7} = {1B11978E-2C48-4A44-AE8D-E69A2AD87476}
		{89AB2F0D-3671-4A82-8A3E-967E3E444EB7} = {1B11978E-2C48-4A44-AE8D-E69A2AD87476}
		{12B1B22A-B347-44AE-B182-A2C4C370BA6C} = {2BEBF4E4-BC15-417F-A317-07DB6DBE9B80}
		{95D85513-384D-41AB-8ABB-A9D93388C02C} = {2BEBF4E4-BC15-417F-A317-07DB6DBE9B80}
		{BB3C0C4F-E019-450F-98D1-1C4B7DE6736A} = {1B11978E-2C48-4A44-AE8D-E69A2AD87476}
		{F2F19B79-BA77-4090-8B5F-FA838D0078C9} = {FEE7BD3F-6DD6-4F45-8944-3F45180BB827}
		{5749C19D-D628-425C-81EB-C73C6DCF0EA5} = {FEE7BD3F-6DD6-4F45-8944-3F45180BB827}
		{71BF6354-D660-475C-A5D6-BD7522BCFC5E} = {1B11978E-2C48-4A44-AE8D-E69A2AD87476}
		{022A8FE1-8744-450D-9091-635EE04014E7} = {71BF6354-D660-475C-A5D6-BD7522BCFC5E}
		{4F1D927F-0558-45F2-853E-291BB37F9217} = {71BF6354-D660-475C-A5D6-BD7522BCFC5E}
		{AA556783-1CCD-4AFE-9EC7-5E5C978DCEED} = {FEE7BD3F-6DD6-4F45-8944-3F45180BB827}
	EndGlobalSection
	GlobalSection(ExtensibilityGlobals) = postSolution
		SolutionGuid = {76BC70B4-AA8F-4D18-87E3-90E384D3500D}
	EndGlobalSection
EndGlobal
